
Microsoft Visual Studio Solution File, Format Version 12.00
# Visual Studio 14
VisualStudioVersion = 14.0.25420.1
MinimumVisualStudioVersion = 10.0.40219.1
Project("{FAE04EC0-301F-11D3-BF4B-00C04F79EFBC}") = "01、Directory", "01、Directory\01、Directory.csproj", "{4D2D9755-1A9D-419C-A72E-08CBD8708BF0}"
EndProject
Project("{FAE04EC0-301F-11D3-BF4B-00C04F79EFBC}") = "02、Directory", "02、Directory\02、Directory.csproj", "{2510E759-65A1-4DEE-B9AF-D0112D606FFB}"
EndProject
Project("{FAE04EC0-301F-11D3-BF4B-00C04F79EFBC}") = "03、浏览器控件", "03、浏览器控件\03、浏览器控件.csproj", "{D7FB586D-217E-4CDD-9F5C-136B4CB333E4}"
EndProject
Project("{FAE04EC0-301F-11D3-BF4B-00C04F79EFBC}") = "04、ComboBox", "04、日期选择器\04、ComboBox.csproj", "{F28BFD02-D3DF-497A-A6E4-A9C1224A331B}"
EndProject
Project("{FAE04EC0-301F-11D3-BF4B-00C04F79EFBC}") = "05、日期选择器", "05、日期选择器\05、日期选择器.csproj", "{4A710A3A-ECA0-4A13-BB42-747FAE6EE591}"
EndProject
Project("{FAE04EC0-301F-11D3-BF4B-00C04F79EFBC}") = "06ListBox控件", "06ListBox控件\06ListBox控件.csproj", "{91BFD263-86B3-4047-8EF1-11A09C54AF1C}"
EndProject
Project("{FAE04EC0-301F-11D3-BF4B-00C04F79EFBC}") = "07实现点击更换照片", "07实现点击更换照片\07实现点击更换照片.csproj", "{B1E13B41-633E-4BFC-A7AB-19C4979C3945}"
EndProject
Project("{FAE04EC0-301F-11D3-BF4B-00C04F79EFBC}") = "08双击播放音乐", "08双击播放音乐\08双击播放音乐.csproj", "{5967B4F0-036E-41CA-A26E-B2F646CE3B9F}"
EndProject
Project("{FAE04EC0-301F-11D3-BF4B-00C04F79EFBC}") = "MySchool", "成绩管理系统\MySchool.csproj", "{A788557C-82F5-436E-9E39-5A970ECCC921}"
EndProject
Project("{FAE04EC0-301F-11D3-BF4B-00C04F79EFBC}") = "09剪刀石头布", "09剪刀石头布\09剪刀石头布.csproj", "{3FE19A1F-5021-493E-A46F-EDFEACFDCFC2}"
EndProject
Project("{FAE04EC0-301F-11D3-BF4B-00C04F79EFBC}") = "10打开对话框", "10打开对话框\10打开对话框.csproj", "{B89A2F28-F380-454D-A622-BA1DB913E675}"
EndProject
Project("{FAE04EC0-301F-11D3-BF4B-00C04F79EFBC}") = "11保存对话框", "11保存对话框\11保存对话框.csproj", "{FD105BB4-E866-41F4-AA19-0DB855066483}"
EndProject
Project("{FAE04EC0-301F-11D3-BF4B-00C04F79EFBC}") = "12字体和颜色对话框", "12字体和颜色对话框\12字体和颜色对话框.csproj", "{62E0D46E-85BD-4C5E-8332-D17892A025F3}"
EndProject
Project("{FAE04EC0-301F-11D3-BF4B-00C04F79EFBC}") = "13Panel", "13Panel\13Panel.csproj", "{2D992A20-063A-44CE-9862-4D9C95BAB48F}"
EndProject
Project("{FAE04EC0-301F-11D3-BF4B-00C04F79EFBC}") = "14记事本应用程序", "14记事本应用程序\14记事本应用程序.csproj", "{D7DF3A29-62D1-4F95-9F84-C5092607E6D0}"
EndProject
Project("{FAE04EC0-301F-11D3-BF4B-00C04F79EFBC}") = "15进程", "15进程\15进程.csproj", "{0298BA9D-5572-4F37-BC8B-43373AE9FAF4}"
EndProject
Project("{FAE04EC0-301F-11D3-BF4B-00C04F79EFBC}") = "16线程", "16线程\16线程.csproj", "{99500E67-DF8C-4013-A0BE-F6982C0B25EA}"
EndProject
Global
	GlobalSection(SolutionConfigurationPlatforms) = preSolution
		Debug|Any CPU = Debug|Any CPU
		Debug|x64 = Debug|x64
		Debug|x86 = Debug|x86
		Release|Any CPU = Release|Any CPU
		Release|x64 = Release|x64
		Release|x86 = Release|x86
	EndGlobalSection
	GlobalSection(ProjectConfigurationPlatforms) = postSolution
		{4D2D9755-1A9D-419C-A72E-08CBD8708BF0}.Debug|Any CPU.ActiveCfg = Debug|Any CPU
		{4D2D9755-1A9D-419C-A72E-08CBD8708BF0}.Debug|Any CPU.Build.0 = Debug|Any CPU
		{4D2D9755-1A9D-419C-A72E-08CBD8708BF0}.Debug|x64.ActiveCfg = Debug|Any CPU
		{4D2D9755-1A9D-419C-A72E-08CBD8708BF0}.Debug|x64.Build.0 = Debug|Any CPU
		{4D2D9755-1A9D-419C-A72E-08CBD8708BF0}.Debug|x86.ActiveCfg = Debug|Any CPU
		{4D2D9755-1A9D-419C-A72E-08CBD8708BF0}.Debug|x86.Build.0 = Debug|Any CPU
		{4D2D9755-1A9D-419C-A72E-08CBD8708BF0}.Release|Any CPU.ActiveCfg = Release|Any CPU
		{4D2D9755-1A9D-419C-A72E-08CBD8708BF0}.Release|Any CPU.Build.0 = Release|Any CPU
		{4D2D9755-1A9D-419C-A72E-08CBD8708BF0}.Release|x64.ActiveCfg = Release|Any CPU
		{4D2D9755-1A9D-419C-A72E-08CBD8708BF0}.Release|x64.Build.0 = Release|Any CPU
		{4D2D9755-1A9D-419C-A72E-08CBD8708BF0}.Release|x86.ActiveCfg = Release|Any CPU
		{4D2D9755-1A9D-419C-A72E-08CBD8708BF0}.Release|x86.Build.0 = Release|Any CPU
		{2510E759-65A1-4DEE-B9AF-D0112D606FFB}.Debug|Any CPU.ActiveCfg = Debug|Any CPU
		{2510E759-65A1-4DEE-B9AF-D0112D606FFB}.Debug|Any CPU.Build.0 = Debug|Any CPU
		{2510E759-65A1-4DEE-B9AF-D0112D606FFB}.Debug|x64.ActiveCfg = Debug|Any CPU
		{2510E759-65A1-4DEE-B9AF-D0112D606FFB}.Debug|x64.Build.0 = Debug|Any CPU
		{2510E759-65A1-4DEE-B9AF-D0112D606FFB}.Debug|x86.ActiveCfg = Debug|Any CPU
		{2510E759-65A1-4DEE-B9AF-D0112D606FFB}.Debug|x86.Build.0 = Debug|Any CPU
		{2510E759-65A1-4DEE-B9AF-D0112D606FFB}.Release|Any CPU.ActiveCfg = Release|Any CPU
		{2510E759-65A1-4DEE-B9AF-D0112D606FFB}.Release|Any CPU.Build.0 = Release|Any CPU
		{2510E759-65A1-4DEE-B9AF-D0112D606FFB}.Release|x64.ActiveCfg = Release|Any CPU
		{2510E759-65A1-4DEE-B9AF-D0112D606FFB}.Release|x64.Build.0 = Release|Any CPU
		{2510E759-65A1-4DEE-B9AF-D0112D606FFB}.Release|x86.ActiveCfg = Release|Any CPU
		{2510E759-65A1-4DEE-B9AF-D0112D606FFB}.Release|x86.Build.0 = Release|Any CPU
		{D7FB586D-217E-4CDD-9F5C-136B4CB333E4}.Debug|Any CPU.ActiveCfg = Debug|Any CPU
		{D7FB586D-217E-4CDD-9F5C-136B4CB333E4}.Debug|Any CPU.Build.0 = Debug|Any CPU
		{D7FB586D-217E-4CDD-9F5C-136B4CB333E4}.Debug|x64.ActiveCfg = Debug|Any CPU
		{D7FB586D-217E-4CDD-9F5C-136B4CB333E4}.Debug|x64.Build.0 = Debug|Any CPU
		{D7FB586D-217E-4CDD-9F5C-136B4CB333E4}.Debug|x86.ActiveCfg = Debug|Any CPU
		{D7FB586D-217E-4CDD-9F5C-136B4CB333E4}.Debug|x86.Build.0 = Debug|Any CPU
		{D7FB586D-217E-4CDD-9F5C-136B4CB333E4}.Release|Any CPU.ActiveCfg = Release|Any CPU
		{D7FB586D-217E-4CDD-9F5C-136B4CB333E4}.Release|Any CPU.Build.0 = Release|Any CPU
		{D7FB586D-217E-4CDD-9F5C-136B4CB333E4}.Release|x64.ActiveCfg = Release|Any CPU
		{D7FB586D-217E-4CDD-9F5C-136B4CB333E4}.Release|x64.Build.0 = Release|Any CPU
		{D7FB586D-217E-4CDD-9F5C-136B4CB333E4}.Release|x86.ActiveCfg = Release|Any CPU
		{D7FB586D-217E-4CDD-9F5C-136B4CB333E4}.Release|x86.Build.0 = Release|Any CPU
		{F28BFD02-D3DF-497A-A6E4-A9C1224A331B}.Debug|Any CPU.ActiveCfg = Debug|Any CPU
		{F28BFD02-D3DF-497A-A6E4-A9C1224A331B}.Debug|Any CPU.Build.0 = Debug|Any CPU
		{F28BFD02-D3DF-497A-A6E4-A9C1224A331B}.Debug|x64.ActiveCfg = Debug|Any CPU
		{F28BFD02-D3DF-497A-A6E4-A9C1224A331B}.Debug|x64.Build.0 = Debug|Any CPU
		{F28BFD02-D3DF-497A-A6E4-A9C1224A331B}.Debug|x86.ActiveCfg = Debug|Any CPU
		{F28BFD02-D3DF-497A-A6E4-A9C1224A331B}.Debug|x86.Build.0 = Debug|Any CPU
		{F28BFD02-D3DF-497A-A6E4-A9C1224A331B}.Release|Any CPU.ActiveCfg = Release|Any CPU
		{F28BFD02-D3DF-497A-A6E4-A9C1224A331B}.Release|Any CPU.Build.0 = Release|Any CPU
		{F28BFD02-D3DF-497A-A6E4-A9C1224A331B}.Release|x64.ActiveCfg = Release|Any CPU
		{F28BFD02-D3DF-497A-A6E4-A9C1224A331B}.Release|x64.Build.0 = Release|Any CPU
		{F28BFD02-D3DF-497A-A6E4-A9C1224A331B}.Release|x86.ActiveCfg = Release|Any CPU
		{F28BFD02-D3DF-497A-A6E4-A9C1224A331B}.Release|x86.Build.0 = Release|Any CPU
		{4A710A3A-ECA0-4A13-BB42-747FAE6EE591}.Debug|Any CPU.ActiveCfg = Debug|Any CPU
		{4A710A3A-ECA0-4A13-BB42-747FAE6EE591}.Debug|Any CPU.Build.0 = Debug|Any CPU
		{4A710A3A-ECA0-4A13-BB42-747FAE6EE591}.Debug|x64.ActiveCfg = Debug|Any CPU
		{4A710A3A-ECA0-4A13-BB42-747FAE6EE591}.Debug|x64.Build.0 = Debug|Any CPU
		{4A710A3A-ECA0-4A13-BB42-747FAE6EE591}.Debug|x86.ActiveCfg = Debug|Any CPU
		{4A710A3A-ECA0-4A13-BB42-747FAE6EE591}.Debug|x86.Build.0 = Debug|Any CPU
		{4A710A3A-ECA0-4A13-BB42-747FAE6EE591}.Release|Any CPU.ActiveCfg = Release|Any CPU
		{4A710A3A-ECA0-4A13-BB42-747FAE6EE591}.Release|Any CPU.Build.0 = Release|Any CPU
		{4A710A3A-ECA0-4A13-BB42-747FAE6EE591}.Release|x64.ActiveCfg = Release|Any CPU
		{4A710A3A-ECA0-4A13-BB42-747FAE6EE591}.Release|x64.Build.0 = Release|Any CPU
		{4A710A3A-ECA0-4A13-BB42-747FAE6EE591}.Release|x86.ActiveCfg = Release|Any CPU
		{4A710A3A-ECA0-4A13-BB42-747FAE6EE591}.Release|x86.Build.0 = Release|Any CPU
		{91BFD263-86B3-4047-8EF1-11A09C54AF1C}.Debug|Any CPU.ActiveCfg = Debug|Any CPU
		{91BFD263-86B3-4047-8EF1-11A09C54AF1C}.Debug|Any CPU.Build.0 = Debug|Any CPU
		{91BFD263-86B3-4047-8EF1-11A09C54AF1C}.Debug|x64.ActiveCfg = Debug|Any CPU
		{91BFD263-86B3-4047-8EF1-11A09C54AF1C}.Debug|x64.Build.0 = Debug|Any CPU
		{91BFD263-86B3-4047-8EF1-11A09C54AF1C}.Debug|x86.ActiveCfg = Debug|Any CPU
		{91BFD263-86B3-4047-8EF1-11A09C54AF1C}.Debug|x86.Build.0 = Debug|Any CPU
		{91BFD263-86B3-4047-8EF1-11A09C54AF1C}.Release|Any CPU.ActiveCfg = Release|Any CPU
		{91BFD263-86B3-4047-8EF1-11A09C54AF1C}.Release|Any CPU.Build.0 = Release|Any CPU
		{91BFD263-86B3-4047-8EF1-11A09C54AF1C}.Release|x64.ActiveCfg = Release|Any CPU
		{91BFD263-86B3-4047-8EF1-11A09C54AF1C}.Release|x64.Build.0 = Release|Any CPU
		{91BFD263-86B3-4047-8EF1-11A09C54AF1C}.Release|x86.ActiveCfg = Release|Any CPU
		{91BFD263-86B3-4047-8EF1-11A09C54AF1C}.Release|x86.Build.0 = Release|Any CPU
		{B1E13B41-633E-4BFC-A7AB-19C4979C3945}.Debug|Any CPU.ActiveCfg = Debug|Any CPU
		{B1E13B41-633E-4BFC-A7AB-19C4979C3945}.Debug|Any CPU.Build.0 = Debug|Any CPU
		{B1E13B41-633E-4BFC-A7AB-19C4979C3945}.Debug|x64.ActiveCfg = Debug|Any CPU
		{B1E13B41-633E-4BFC-A7AB-19C4979C3945}.Debug|x64.Build.0 = Debug|Any CPU
		{B1E13B41-633E-4BFC-A7AB-19C4979C3945}.Debug|x86.ActiveCfg = Debug|Any CPU
		{B1E13B41-633E-4BFC-A7AB-19C4979C3945}.Debug|x86.Build.0 = Debug|Any CPU
		{B1E13B41-633E-4BFC-A7AB-19C4979C3945}.Release|Any CPU.ActiveCfg = Release|Any CPU
		{B1E13B41-633E-4BFC-A7AB-19C4979C3945}.Release|Any CPU.Build.0 = Release|Any CPU
		{B1E13B41-633E-4BFC-A7AB-19C4979C3945}.Release|x64.ActiveCfg = Release|Any CPU
		{B1E13B41-633E-4BFC-A7AB-19C4979C3945}.Release|x64.Build.0 = Release|Any CPU
		{B1E13B41-633E-4BFC-A7AB-19C4979C3945}.Release|x86.ActiveCfg = Release|Any CPU
		{B1E13B41-633E-4BFC-A7AB-19C4979C3945}.Release|x86.Build.0 = Release|Any CPU
		{5967B4F0-036E-41CA-A26E-B2F646CE3B9F}.Debug|Any CPU.ActiveCfg = Debug|Any CPU
		{5967B4F0-036E-41CA-A26E-B2F646CE3B9F}.Debug|Any CPU.Build.0 = Debug|Any CPU
		{5967B4F0-036E-41CA-A26E-B2F646CE3B9F}.Debug|x64.ActiveCfg = Debug|Any CPU
		{5967B4F0-036E-41CA-A26E-B2F646CE3B9F}.Debug|x64.Build.0 = Debug|Any CPU
		{5967B4F0-036E-41CA-A26E-B2F646CE3B9F}.Debug|x86.ActiveCfg = Debug|Any CPU
		{5967B4F0-036E-41CA-A26E-B2F646CE3B9F}.Debug|x86.Build.0 = Debug|Any CPU
		{5967B4F0-036E-41CA-A26E-B2F646CE3B9F}.Release|Any CPU.ActiveCfg = Release|Any CPU
		{5967B4F0-036E-41CA-A26E-B2F646CE3B9F}.Release|Any CPU.Build.0 = Release|Any CPU
		{5967B4F0-036E-41CA-A26E-B2F646CE3B9F}.Release|x64.ActiveCfg = Release|Any CPU
		{5967B4F0-036E-41CA-A26E-B2F646CE3B9F}.Release|x64.Build.0 = Release|Any CPU
		{5967B4F0-036E-41CA-A26E-B2F646CE3B9F}.Release|x86.ActiveCfg = Release|Any CPU
		{5967B4F0-036E-41CA-A26E-B2F646CE3B9F}.Release|x86.Build.0 = Release|Any CPU
		{A788557C-82F5-436E-9E39-5A970ECCC921}.Debug|Any CPU.ActiveCfg = Debug|Any CPU
		{A788557C-82F5-436E-9E39-5A970ECCC921}.Debug|Any CPU.Build.0 = Debug|Any CPU
		{A788557C-82F5-436E-9E39-5A970ECCC921}.Debug|x64.ActiveCfg = Debug|Any CPU
		{A788557C-82F5-436E-9E39-5A970ECCC921}.Debug|x64.Build.0 = Debug|Any CPU
		{A788557C-82F5-436E-9E39-5A970ECCC921}.Debug|x86.ActiveCfg = Debug|Any CPU
		{A788557C-82F5-436E-9E39-5A970ECCC921}.Debug|x86.Build.0 = Debug|Any CPU
		{A788557C-82F5-436E-9E39-5A970ECCC921}.Release|Any CPU.ActiveCfg = Release|Any CPU
		{A788557C-82F5-436E-9E39-5A970ECCC921}.Release|Any CPU.Build.0 = Release|Any CPU
		{A788557C-82F5-436E-9E39-5A970ECCC921}.Release|x64.ActiveCfg = Release|Any CPU
		{A788557C-82F5-436E-9E39-5A970ECCC921}.Release|x64.Build.0 = Release|Any CPU
		{A788557C-82F5-436E-9E39-5A970ECCC921}.Release|x86.ActiveCfg = Release|Any CPU
		{A788557C-82F5-436E-9E39-5A970ECCC921}.Release|x86.Build.0 = Release|Any CPU
		{3FE19A1F-5021-493E-A46F-EDFEACFDCFC2}.Debug|Any CPU.ActiveCfg = Debug|Any CPU
		{3FE19A1F-5021-493E-A46F-EDFEACFDCFC2}.Debug|Any CPU.Build.0 = Debug|Any CPU
		{3FE19A1F-5021-493E-A46F-EDFEACFDCFC2}.Debug|x64.ActiveCfg = Debug|Any CPU
		{3FE19A1F-5021-493E-A46F-EDFEACFDCFC2}.Debug|x64.Build.0 = Debug|Any CPU
		{3FE19A1F-5021-493E-A46F-EDFEACFDCFC2}.Debug|x86.ActiveCfg = Debug|Any CPU
		{3FE19A1F-5021-493E-A46F-EDFEACFDCFC2}.Debug|x86.Build.0 = Debug|Any CPU
		{3FE19A1F-5021-493E-A46F-EDFEACFDCFC2}.Release|Any CPU.ActiveCfg = Release|Any CPU
		{3FE19A1F-5021-493E-A46F-EDFEACFDCFC2}.Release|Any CPU.Build.0 = Release|Any CPU
		{3FE19A1F-5021-493E-A46F-EDFEACFDCFC2}.Release|x64.ActiveCfg = Release|Any CPU
		{3FE19A1F-5021-493E-A46F-EDFEACFDCFC2}.Release|x64.Build.0 = Release|Any CPU
		{3FE19A1F-5021-493E-A46F-EDFEACFDCFC2}.Release|x86.ActiveCfg = Release|Any CPU
		{3FE19A1F-5021-493E-A46F-EDFEACFDCFC2}.Release|x86.Build.0 = Release|Any CPU
		{B89A2F28-F380-454D-A622-BA1DB913E675}.Debug|Any CPU.ActiveCfg = Debug|Any CPU
		{B89A2F28-F380-454D-A622-BA1DB913E675}.Debug|Any CPU.Build.0 = Debug|Any CPU
		{B89A2F28-F380-454D-A622-BA1DB913E675}.Debug|x64.ActiveCfg = Debug|Any CPU
		{B89A2F28-F380-454D-A622-BA1DB913E675}.Debug|x64.Build.0 = Debug|Any CPU
		{B89A2F28-F380-454D-A622-BA1DB913E675}.Debug|x86.ActiveCfg = Debug|Any CPU
		{B89A2F28-F380-454D-A622-BA1DB913E675}.Debug|x86.Build.0 = Debug|Any CPU
		{B89A2F28-F380-454D-A622-BA1DB913E675}.Release|Any CPU.ActiveCfg = Release|Any CPU
		{B89A2F28-F380-454D-A622-BA1DB913E675}.Release|Any CPU.Build.0 = Release|Any CPU
		{B89A2F28-F380-454D-A622-BA1DB913E675}.Release|x64.ActiveCfg = Release|Any CPU
		{B89A2F28-F380-454D-A622-BA1DB913E675}.Release|x64.Build.0 = Release|Any CPU
		{B89A2F28-F380-454D-A622-BA1DB913E675}.Release|x86.ActiveCfg = Release|Any CPU
		{B89A2F28-F380-454D-A622-BA1DB913E675}.Release|x86.Build.0 = Release|Any CPU
		{FD105BB4-E866-41F4-AA19-0DB855066483}.Debug|Any CPU.ActiveCfg = Debug|Any CPU
		{FD105BB4-E866-41F4-AA19-0DB855066483}.Debug|Any CPU.Build.0 = Debug|Any CPU
		{FD105BB4-E866-41F4-AA19-0DB855066483}.Debug|x64.ActiveCfg = Debug|Any CPU
		{FD105BB4-E866-41F4-AA19-0DB855066483}.Debug|x64.Build.0 = Debug|Any CPU
		{FD105BB4-E866-41F4-AA19-0DB855066483}.Debug|x86.ActiveCfg = Debug|Any CPU
		{FD105BB4-E866-41F4-AA19-0DB855066483}.Debug|x86.Build.0 = Debug|Any CPU
		{FD105BB4-E866-41F4-AA19-0DB855066483}.Release|Any CPU.ActiveCfg = Release|Any CPU
		{FD105BB4-E866-41F4-AA19-0DB855066483}.Release|Any CPU.Build.0 = Release|Any CPU
		{FD105BB4-E866-41F4-AA19-0DB855066483}.Release|x64.ActiveCfg = Release|Any CPU
		{FD105BB4-E866-41F4-AA19-0DB855066483}.Release|x64.Build.0 = Release|Any CPU
		{FD105BB4-E866-41F4-AA19-0DB855066483}.Release|x86.ActiveCfg = Release|Any CPU
		{FD105BB4-E866-41F4-AA19-0DB855066483}.Release|x86.Build.0 = Release|Any CPU
		{62E0D46E-85BD-4C5E-8332-D17892A025F3}.Debug|Any CPU.ActiveCfg = Debug|Any CPU
		{62E0D46E-85BD-4C5E-8332-D17892A025F3}.Debug|Any CPU.Build.0 = Debug|Any CPU
		{62E0D46E-85BD-4C5E-8332-D17892A025F3}.Debug|x64.ActiveCfg = Debug|Any CPU
		{62E0D46E-85BD-4C5E-8332-D17892A025F3}.Debug|x64.Build.0 = Debug|Any CPU
		{62E0D46E-85BD-4C5E-8332-D17892A025F3}.Debug|x86.ActiveCfg = Debug|Any CPU
		{62E0D46E-85BD-4C5E-8332-D17892A025F3}.Debug|x86.Build.0 = Debug|Any CPU
		{62E0D46E-85BD-4C5E-8332-D17892A025F3}.Release|Any CPU.ActiveCfg = Release|Any CPU
		{62E0D46E-85BD-4C5E-8332-D17892A025F3}.Release|Any CPU.Build.0 = Release|Any CPU
		{62E0D46E-85BD-4C5E-8332-D17892A025F3}.Release|x64.ActiveCfg = Release|Any CPU
		{62E0D46E-85BD-4C5E-8332-D17892A025F3}.Release|x64.Build.0 = Release|Any CPU
		{62E0D46E-85BD-4C5E-8332-D17892A025F3}.Release|x86.ActiveCfg = Release|Any CPU
		{62E0D46E-85BD-4C5E-8332-D17892A025F3}.Release|x86.Build.0 = Release|Any CPU
		{2D992A20-063A-44CE-9862-4D9C95BAB48F}.Debug|Any CPU.ActiveCfg = Debug|Any CPU
		{2D992A20-063A-44CE-9862-4D9C95BAB48F}.Debug|Any CPU.Build.0 = Debug|Any CPU
		{2D992A20-063A-44CE-9862-4D9C95BAB48F}.Debug|x64.ActiveCfg = Debug|Any CPU
		{2D992A20-063A-44CE-9862-4D9C95BAB48F}.Debug|x64.Build.0 = Debug|Any CPU
		{2D992A20-063A-44CE-9862-4D9C95BAB48F}.Debug|x86.ActiveCfg = Debug|Any CPU
		{2D992A20-063A-44CE-9862-4D9C95BAB48F}.Debug|x86.Build.0 = Debug|Any CPU
		{2D992A20-063A-44CE-9862-4D9C95BAB48F}.Release|Any CPU.ActiveCfg = Release|Any CPU
		{2D992A20-063A-44CE-9862-4D9C95BAB48F}.Release|Any CPU.Build.0 = Release|Any CPU
		{2D992A20-063A-44CE-9862-4D9C95BAB48F}.Release|x64.ActiveCfg = Release|Any CPU
		{2D992A20-063A-44CE-9862-4D9C95BAB48F}.Release|x64.Build.0 = Release|Any CPU
		{2D992A20-063A-44CE-9862-4D9C95BAB48F}.Release|x86.ActiveCfg = Release|Any CPU
		{2D992A20-063A-44CE-9862-4D9C95BAB48F}.Release|x86.Build.0 = Release|Any CPU
		{D7DF3A29-62D1-4F95-9F84-C5092607E6D0}.Debug|Any CPU.ActiveCfg = Debug|Any CPU
		{D7DF3A29-62D1-4F95-9F84-C5092607E6D0}.Debug|Any CPU.Build.0 = Debug|Any CPU
		{D7DF3A29-62D1-4F95-9F84-C5092607E6D0}.Debug|x64.ActiveCfg = Debug|Any CPU
		{D7DF3A29-62D1-4F95-9F84-C5092607E6D0}.Debug|x64.Build.0 = Debug|Any CPU
		{D7DF3A29-62D1-4F95-9F84-C5092607E6D0}.Debug|x86.ActiveCfg = Debug|Any CPU
		{D7DF3A29-62D1-4F95-9F84-C5092607E6D0}.Debug|x86.Build.0 = Debug|Any CPU
		{D7DF3A29-62D1-4F95-9F84-C5092607E6D0}.Release|Any CPU.ActiveCfg = Release|Any CPU
		{D7DF3A29-62D1-4F95-9F84-C5092607E6D0}.Release|Any CPU.Build.0 = Release|Any CPU
		{D7DF3A29-62D1-4F95-9F84-C5092607E6D0}.Release|x64.ActiveCfg = Release|Any CPU
		{D7DF3A29-62D1-4F95-9F84-C5092607E6D0}.Release|x64.Build.0 = Release|Any CPU
		{D7DF3A29-62D1-4F95-9F84-C5092607E6D0}.Release|x86.ActiveCfg = Release|Any CPU
		{D7DF3A29-62D1-4F95-9F84-C5092607E6D0}.Release|x86.Build.0 = Release|Any CPU
		{0298BA9D-5572-4F37-BC8B-43373AE9FAF4}.Debug|Any CPU.ActiveCfg = Debug|Any CPU
		{0298BA9D-5572-4F37-BC8B-43373AE9FAF4}.Debug|Any CPU.Build.0 = Debug|Any CPU
		{0298BA9D-5572-4F37-BC8B-43373AE9FAF4}.Debug|x64.ActiveCfg = Debug|Any CPU
		{0298BA9D-5572-4F37-BC8B-43373AE9FAF4}.Debug|x64.Build.0 = Debug|Any CPU
		{0298BA9D-5572-4F37-BC8B-43373AE9FAF4}.Debug|x86.ActiveCfg = Debug|Any CPU
		{0298BA9D-5572-4F37-BC8B-43373AE9FAF4}.Debug|x86.Build.0 = Debug|Any CPU
		{0298BA9D-5572-4F37-BC8B-43373AE9FAF4}.Release|Any CPU.ActiveCfg = Release|Any CPU
		{0298BA9D-5572-4F37-BC8B-43373AE9FAF4}.Release|Any CPU.Build.0 = Release|Any CPU
		{0298BA9D-5572-4F37-BC8B-43373AE9FAF4}.Release|x64.ActiveCfg = Release|Any CPU
		{0298BA9D-5572-4F37-BC8B-43373AE9FAF4}.Release|x64.Build.0 = Release|Any CPU
		{0298BA9D-5572-4F37-BC8B-43373AE9FAF4}.Release|x86.ActiveCfg = Release|Any CPU
		{0298BA9D-5572-4F37-BC8B-43373AE9FAF4}.Release|x86.Build.0 = Release|Any CPU
		{99500E67-DF8C-4013-A0BE-F6982C0B25EA}.Debug|Any CPU.ActiveCfg = Debug|Any CPU
		{99500E67-DF8C-4013-A0BE-F6982C0B25EA}.Debug|Any CPU.Build.0 = Debug|Any CPU
		{99500E67-DF8C-4013-A0BE-F6982C0B25EA}.Debug|x64.ActiveCfg = Debug|Any CPU
		{99500E67-DF8C-4013-A0BE-F6982C0B25EA}.Debug|x64.Build.0 = Debug|Any CPU
		{99500E67-DF8C-4013-A0BE-F6982C0B25EA}.Debug|x86.ActiveCfg = Debug|Any CPU
		{99500E67-DF8C-4013-A0BE-F6982C0B25EA}.Debug|x86.Build.0 = Debug|Any CPU
		{99500E67-DF8C-4013-A0BE-F6982C0B25EA}.Release|Any CPU.ActiveCfg = Release|Any CPU
		{99500E67-DF8C-4013-A0BE-F6982C0B25EA}.Release|Any CPU.Build.0 = Release|Any CPU
		{99500E67-DF8C-4013-A0BE-F6982C0B25EA}.Release|x64.ActiveCfg = Release|Any CPU
		{99500E67-DF8C-4013-A0BE-F6982C0B25EA}.Release|x64.Build.0 = Release|Any CPU
		{99500E67-DF8C-4013-A0BE-F6982C0B25EA}.Release|x86.ActiveCfg = Release|Any CPU
		{99500E67-DF8C-4013-A0BE-F6982C0B25EA}.Release|x86.Build.0 = Release|Any CPU
	EndGlobalSection
	GlobalSection(SolutionProperties) = preSolution
		HideSolutionNode = FALSE
	EndGlobalSection
EndGlobal
