
Microsoft Visual Studio Solution File, Format Version 12.00
# Visual Studio 14
VisualStudioVersion = 14.0.25420.1
MinimumVisualStudioVersion = 10.0.40219.1
Project("{FAE04EC0-301F-11D3-BF4B-00C04F79EFBC}") = "WpfApplication1", "WpfApplication1\WpfApplication1.csproj", "{9D367E18-AB71-4D1F-957C-0AE71A3F138B}"
EndProject
Project("{FAE04EC0-301F-11D3-BF4B-00C04F79EFBC}") = "WpfApplication2", "WpfApplication2\WpfApplication2.csproj", "{9F5E2B60-41B0-4E84-AC19-16BD820B1D1E}"
EndProject
Project("{FAE04EC0-301F-11D3-BF4B-00C04F79EFBC}") = "WpfApplication布局", "WpfApplication布局\WpfApplication布局.csproj", "{9630527E-B380-4378-80D4-006D02D9206D}"
EndProject
Global
	GlobalSection(SolutionConfigurationPlatforms) = preSolution
		Debug|Any CPU = Debug|Any CPU
		Release|Any CPU = Release|Any CPU
	EndGlobalSection
	GlobalSection(ProjectConfigurationPlatforms) = postSolution
		{9D367E18-AB71-4D1F-957C-0AE71A3F138B}.Debug|Any CPU.ActiveCfg = Debug|Any CPU
		{9D367E18-AB71-4D1F-957C-0AE71A3F138B}.Debug|Any CPU.Build.0 = Debug|Any CPU
		{9D367E18-AB71-4D1F-957C-0AE71A3F138B}.Release|Any CPU.ActiveCfg = Release|Any CPU
		{9D367E18-AB71-4D1F-957C-0AE71A3F138B}.Release|Any CPU.Build.0 = Release|Any CPU
		{9F5E2B60-41B0-4E84-AC19-16BD820B1D1E}.Debug|Any CPU.ActiveCfg = Debug|Any CPU
		{9F5E2B60-41B0-4E84-AC19-16BD820B1D1E}.Debug|Any CPU.Build.0 = Debug|Any CPU
		{9F5E2B60-41B0-4E84-AC19-16BD820B1D1E}.Release|Any CPU.ActiveCfg = Release|Any CPU
		{9F5E2B60-41B0-4E84-AC19-16BD820B1D1E}.Release|Any CPU.Build.0 = Release|Any CPU
		{9630527E-B380-4378-80D4-006D02D9206D}.Debug|Any CPU.ActiveCfg = Debug|Any CPU
		{9630527E-B380-4378-80D4-006D02D9206D}.Debug|Any CPU.Build.0 = Debug|Any CPU
		{9630527E-B380-4378-80D4-006D02D9206D}.Release|Any CPU.ActiveCfg = Release|Any CPU
		{9630527E-B380-4378-80D4-006D02D9206D}.Release|Any CPU.Build.0 = Release|Any CPU
	EndGlobalSection
	GlobalSection(SolutionProperties) = preSolution
		HideSolutionNode = FALSE
	EndGlobalSection
EndGlobal
