
Microsoft Visual Studio Solution File, Format Version 12.00
# Visual Studio 14
VisualStudioVersion = 14.0.25420.1
MinimumVisualStudioVersion = 10.0.40219.1
Project("{FAE04EC0-301F-11D3-BF4B-00C04F79EFBC}") = "连连看棋盘", "连连看棋盘\连连看棋盘.csproj", "{C6B69676-8393-4D8A-90C9-FDAB7183FE76}"
EndProject
Project("{FAE04EC0-301F-11D3-BF4B-00C04F79EFBC}") = "布局的嵌套", "..\..\2016-09-16\布局的嵌套\布局的嵌套.csproj", "{AA8E0DBB-2998-4455-AA0F-0AAE995BDD3C}"
EndProject
Global
	GlobalSection(SolutionConfigurationPlatforms) = preSolution
		Debug|Any CPU = Debug|Any CPU
		Release|Any CPU = Release|Any CPU
	EndGlobalSection
	GlobalSection(ProjectConfigurationPlatforms) = postSolution
		{C6B69676-8393-4D8A-90C9-FDAB7183FE76}.Debug|Any CPU.ActiveCfg = Debug|Any CPU
		{C6B69676-8393-4D8A-90C9-FDAB7183FE76}.Debug|Any CPU.Build.0 = Debug|Any CPU
		{C6B69676-8393-4D8A-90C9-FDAB7183FE76}.Release|Any CPU.ActiveCfg = Release|Any CPU
		{C6B69676-8393-4D8A-90C9-FDAB7183FE76}.Release|Any CPU.Build.0 = Release|Any CPU
		{AA8E0DBB-2998-4455-AA0F-0AAE995BDD3C}.Debug|Any CPU.ActiveCfg = Debug|Any CPU
		{AA8E0DBB-2998-4455-AA0F-0AAE995BDD3C}.Debug|Any CPU.Build.0 = Debug|Any CPU
		{AA8E0DBB-2998-4455-AA0F-0AAE995BDD3C}.Release|Any CPU.ActiveCfg = Release|Any CPU
		{AA8E0DBB-2998-4455-AA0F-0AAE995BDD3C}.Release|Any CPU.Build.0 = Release|Any CPU
	EndGlobalSection
	GlobalSection(SolutionProperties) = preSolution
		HideSolutionNode = FALSE
	EndGlobalSection
EndGlobal
