
Microsoft Visual Studio Solution File, Format Version 12.00
# Visual Studio 14
VisualStudioVersion = 14.0.25420.1
MinimumVisualStudioVersion = 10.0.40219.1
Project("{FAE04EC0-301F-11D3-BF4B-00C04F79EFBC}") = "01面向对象复习。", "01面向对象复习。\01面向对象复习。.csproj", "{DEAA10B3-43ED-427C-A304-D83BE42ADC09}"
EndProject
Project("{FAE04EC0-301F-11D3-BF4B-00C04F79EFBC}") = "03抽象类练习", "03抽象类练习\03抽象类练习.csproj", "{3615E1B0-8A2F-4687-A254-D8B54220D9F1}"
EndProject
Global
	GlobalSection(SolutionConfigurationPlatforms) = preSolution
		Debug|Any CPU = Debug|Any CPU
		Release|Any CPU = Release|Any CPU
	EndGlobalSection
	GlobalSection(ProjectConfigurationPlatforms) = postSolution
		{DEAA10B3-43ED-427C-A304-D83BE42ADC09}.Debug|Any CPU.ActiveCfg = Debug|Any CPU
		{DEAA10B3-43ED-427C-A304-D83BE42ADC09}.Debug|Any CPU.Build.0 = Debug|Any CPU
		{DEAA10B3-43ED-427C-A304-D83BE42ADC09}.Release|Any CPU.ActiveCfg = Release|Any CPU
		{DEAA10B3-43ED-427C-A304-D83BE42ADC09}.Release|Any CPU.Build.0 = Release|Any CPU
		{3615E1B0-8A2F-4687-A254-D8B54220D9F1}.Debug|Any CPU.ActiveCfg = Debug|Any CPU
		{3615E1B0-8A2F-4687-A254-D8B54220D9F1}.Debug|Any CPU.Build.0 = Debug|Any CPU
		{3615E1B0-8A2F-4687-A254-D8B54220D9F1}.Release|Any CPU.ActiveCfg = Release|Any CPU
		{3615E1B0-8A2F-4687-A254-D8B54220D9F1}.Release|Any CPU.Build.0 = Release|Any CPU
	EndGlobalSection
	GlobalSection(SolutionProperties) = preSolution
		HideSolutionNode = FALSE
	EndGlobalSection
EndGlobal
