
Microsoft Visual Studio Solution File, Format Version 12.00
# Visual Studio 14
VisualStudioVersion = 14.0.25420.1
MinimumVisualStudioVersion = 10.0.40219.1
Project("{FAE04EC0-301F-11D3-BF4B-00C04F79EFBC}") = "01进程", "01进程\01进程.csproj", "{284F898F-7BF5-4090-807A-6BB57924729D}"
EndProject
Project("{FAE04EC0-301F-11D3-BF4B-00C04F79EFBC}") = "02打开文件练习", "02打开文件练习\02打开文件练习.csproj", "{54215730-F898-4055-BACB-ACB4F9055CE5}"
EndProject
Project("{FAE04EC0-301F-11D3-BF4B-00C04F79EFBC}") = "00this的练习", "00this的练习\00this的练习.csproj", "{A20A58A0-F8DF-46E0-A0A8-C3B4735D0C86}"
EndProject
Project("{FAE04EC0-301F-11D3-BF4B-00C04F79EFBC}") = "03面向对象复习", "03面向对象复习\03面向对象复习.csproj", "{B548D7BF-BB8B-4115-A033-3517D2357E8E}"
EndProject
Project("{FAE04EC0-301F-11D3-BF4B-00C04F79EFBC}") = "04三个关键字", "04三个关键字\04三个关键字.csproj", "{B88B60E5-3FB1-4380-9ADC-606D3E4381B2}"
EndProject
Project("{FAE04EC0-301F-11D3-BF4B-00C04F79EFBC}") = "05动物类继承", "05动物类继承\05动物类继承.csproj", "{0CA10C5C-96D7-4B96-9624-B485D8E8C8D6}"
EndProject
Project("{FAE04EC0-301F-11D3-BF4B-00C04F79EFBC}") = "06里氏转换", "06里氏转换\06里氏转换.csproj", "{F8E9E52A-420B-4CBA-9AA6-F057C71BF300}"
EndProject
Project("{FAE04EC0-301F-11D3-BF4B-00C04F79EFBC}") = "07虚方法", "07虚方法\07虚方法.csproj", "{5D5B2E2D-BF1D-4A1E-B00C-5B7FE49D1215}"
EndProject
Project("{FAE04EC0-301F-11D3-BF4B-00C04F79EFBC}") = "08抽象类", "08抽象类\08抽象类.csproj", "{1CB03340-0D13-4D1F-8B41-871BD191F3BA}"
EndProject
Project("{FAE04EC0-301F-11D3-BF4B-00C04F79EFBC}") = "09移动存储设备", "09移动存储设备\09移动存储设备.csproj", "{D1C60C7A-F3D2-49D4-8872-5948007A487A}"
EndProject
Project("{FAE04EC0-301F-11D3-BF4B-00C04F79EFBC}") = "10接口的使用", "10接口的使用\10接口的使用.csproj", "{0F76C94E-BE01-42E0-9CD6-363F2E75239C}"
EndProject
Project("{FAE04EC0-301F-11D3-BF4B-00C04F79EFBC}") = "11接口案例", "11接口案例\11接口案例.csproj", "{052375C0-3646-4B29-B122-3EBAC02E27AA}"
EndProject
Project("{FAE04EC0-301F-11D3-BF4B-00C04F79EFBC}") = "14接口登记案例", "14接口等级案例\14接口登记案例.csproj", "{0D808AE2-79D8-4F39-82FF-2B7B12F6A5C7}"
EndProject
Project("{FAE04EC0-301F-11D3-BF4B-00C04F79EFBC}") = "13显示实现接口", "13显示实现接口\13显示实现接口.csproj", "{8EC5CD0B-BCFB-4BE1-BF2C-20C5667D4648}"
EndProject
Project("{FAE04EC0-301F-11D3-BF4B-00C04F79EFBC}") = "12接口案例", "12接口案例\12接口案例.csproj", "{70542A70-A686-45EE-8AC8-0F30564BF1B5}"
EndProject
Project("{FAE04EC0-301F-11D3-BF4B-00C04F79EFBC}") = "15石头剪刀布", "15石头剪刀布\15石头剪刀布.csproj", "{13DF7E2E-AE66-423A-8DF6-72311D8476F5}"
EndProject
Project("{FAE04EC0-301F-11D3-BF4B-00C04F79EFBC}") = "16索引器的使用", "16索引器的使用\16索引器的使用.csproj", "{0BFD9E56-F8BB-4CC7-895A-D5DCE46BA17D}"
EndProject
Project("{FAE04EC0-301F-11D3-BF4B-00C04F79EFBC}") = "17计算图形的面积和周长", "17计算图形的面积和周长\17计算图形的面积和周长.csproj", "{5B42CEFE-E539-49F8-9693-EEA291BFF7FD}"
EndProject
Global
	GlobalSection(SolutionConfigurationPlatforms) = preSolution
		Debug|Any CPU = Debug|Any CPU
		Release|Any CPU = Release|Any CPU
	EndGlobalSection
	GlobalSection(ProjectConfigurationPlatforms) = postSolution
		{284F898F-7BF5-4090-807A-6BB57924729D}.Debug|Any CPU.ActiveCfg = Debug|Any CPU
		{284F898F-7BF5-4090-807A-6BB57924729D}.Debug|Any CPU.Build.0 = Debug|Any CPU
		{284F898F-7BF5-4090-807A-6BB57924729D}.Release|Any CPU.ActiveCfg = Release|Any CPU
		{284F898F-7BF5-4090-807A-6BB57924729D}.Release|Any CPU.Build.0 = Release|Any CPU
		{54215730-F898-4055-BACB-ACB4F9055CE5}.Debug|Any CPU.ActiveCfg = Debug|Any CPU
		{54215730-F898-4055-BACB-ACB4F9055CE5}.Debug|Any CPU.Build.0 = Debug|Any CPU
		{54215730-F898-4055-BACB-ACB4F9055CE5}.Release|Any CPU.ActiveCfg = Release|Any CPU
		{54215730-F898-4055-BACB-ACB4F9055CE5}.Release|Any CPU.Build.0 = Release|Any CPU
		{A20A58A0-F8DF-46E0-A0A8-C3B4735D0C86}.Debug|Any CPU.ActiveCfg = Debug|Any CPU
		{A20A58A0-F8DF-46E0-A0A8-C3B4735D0C86}.Debug|Any CPU.Build.0 = Debug|Any CPU
		{A20A58A0-F8DF-46E0-A0A8-C3B4735D0C86}.Release|Any CPU.ActiveCfg = Release|Any CPU
		{A20A58A0-F8DF-46E0-A0A8-C3B4735D0C86}.Release|Any CPU.Build.0 = Release|Any CPU
		{B548D7BF-BB8B-4115-A033-3517D2357E8E}.Debug|Any CPU.ActiveCfg = Debug|Any CPU
		{B548D7BF-BB8B-4115-A033-3517D2357E8E}.Debug|Any CPU.Build.0 = Debug|Any CPU
		{B548D7BF-BB8B-4115-A033-3517D2357E8E}.Release|Any CPU.ActiveCfg = Release|Any CPU
		{B548D7BF-BB8B-4115-A033-3517D2357E8E}.Release|Any CPU.Build.0 = Release|Any CPU
		{B88B60E5-3FB1-4380-9ADC-606D3E4381B2}.Debug|Any CPU.ActiveCfg = Debug|Any CPU
		{B88B60E5-3FB1-4380-9ADC-606D3E4381B2}.Debug|Any CPU.Build.0 = Debug|Any CPU
		{B88B60E5-3FB1-4380-9ADC-606D3E4381B2}.Release|Any CPU.ActiveCfg = Release|Any CPU
		{B88B60E5-3FB1-4380-9ADC-606D3E4381B2}.Release|Any CPU.Build.0 = Release|Any CPU
		{0CA10C5C-96D7-4B96-9624-B485D8E8C8D6}.Debug|Any CPU.ActiveCfg = Debug|Any CPU
		{0CA10C5C-96D7-4B96-9624-B485D8E8C8D6}.Debug|Any CPU.Build.0 = Debug|Any CPU
		{0CA10C5C-96D7-4B96-9624-B485D8E8C8D6}.Release|Any CPU.ActiveCfg = Release|Any CPU
		{0CA10C5C-96D7-4B96-9624-B485D8E8C8D6}.Release|Any CPU.Build.0 = Release|Any CPU
		{F8E9E52A-420B-4CBA-9AA6-F057C71BF300}.Debug|Any CPU.ActiveCfg = Debug|Any CPU
		{F8E9E52A-420B-4CBA-9AA6-F057C71BF300}.Debug|Any CPU.Build.0 = Debug|Any CPU
		{F8E9E52A-420B-4CBA-9AA6-F057C71BF300}.Release|Any CPU.ActiveCfg = Release|Any CPU
		{F8E9E52A-420B-4CBA-9AA6-F057C71BF300}.Release|Any CPU.Build.0 = Release|Any CPU
		{5D5B2E2D-BF1D-4A1E-B00C-5B7FE49D1215}.Debug|Any CPU.ActiveCfg = Debug|Any CPU
		{5D5B2E2D-BF1D-4A1E-B00C-5B7FE49D1215}.Debug|Any CPU.Build.0 = Debug|Any CPU
		{5D5B2E2D-BF1D-4A1E-B00C-5B7FE49D1215}.Release|Any CPU.ActiveCfg = Release|Any CPU
		{5D5B2E2D-BF1D-4A1E-B00C-5B7FE49D1215}.Release|Any CPU.Build.0 = Release|Any CPU
		{1CB03340-0D13-4D1F-8B41-871BD191F3BA}.Debug|Any CPU.ActiveCfg = Debug|Any CPU
		{1CB03340-0D13-4D1F-8B41-871BD191F3BA}.Debug|Any CPU.Build.0 = Debug|Any CPU
		{1CB03340-0D13-4D1F-8B41-871BD191F3BA}.Release|Any CPU.ActiveCfg = Release|Any CPU
		{1CB03340-0D13-4D1F-8B41-871BD191F3BA}.Release|Any CPU.Build.0 = Release|Any CPU
		{D1C60C7A-F3D2-49D4-8872-5948007A487A}.Debug|Any CPU.ActiveCfg = Debug|Any CPU
		{D1C60C7A-F3D2-49D4-8872-5948007A487A}.Debug|Any CPU.Build.0 = Debug|Any CPU
		{D1C60C7A-F3D2-49D4-8872-5948007A487A}.Release|Any CPU.ActiveCfg = Release|Any CPU
		{D1C60C7A-F3D2-49D4-8872-5948007A487A}.Release|Any CPU.Build.0 = Release|Any CPU
		{0F76C94E-BE01-42E0-9CD6-363F2E75239C}.Debug|Any CPU.ActiveCfg = Debug|Any CPU
		{0F76C94E-BE01-42E0-9CD6-363F2E75239C}.Debug|Any CPU.Build.0 = Debug|Any CPU
		{0F76C94E-BE01-42E0-9CD6-363F2E75239C}.Release|Any CPU.ActiveCfg = Release|Any CPU
		{0F76C94E-BE01-42E0-9CD6-363F2E75239C}.Release|Any CPU.Build.0 = Release|Any CPU
		{052375C0-3646-4B29-B122-3EBAC02E27AA}.Debug|Any CPU.ActiveCfg = Debug|Any CPU
		{052375C0-3646-4B29-B122-3EBAC02E27AA}.Debug|Any CPU.Build.0 = Debug|Any CPU
		{052375C0-3646-4B29-B122-3EBAC02E27AA}.Release|Any CPU.ActiveCfg = Release|Any CPU
		{052375C0-3646-4B29-B122-3EBAC02E27AA}.Release|Any CPU.Build.0 = Release|Any CPU
		{0D808AE2-79D8-4F39-82FF-2B7B12F6A5C7}.Debug|Any CPU.ActiveCfg = Debug|Any CPU
		{0D808AE2-79D8-4F39-82FF-2B7B12F6A5C7}.Debug|Any CPU.Build.0 = Debug|Any CPU
		{0D808AE2-79D8-4F39-82FF-2B7B12F6A5C7}.Release|Any CPU.ActiveCfg = Release|Any CPU
		{0D808AE2-79D8-4F39-82FF-2B7B12F6A5C7}.Release|Any CPU.Build.0 = Release|Any CPU
		{8EC5CD0B-BCFB-4BE1-BF2C-20C5667D4648}.Debug|Any CPU.ActiveCfg = Debug|Any CPU
		{8EC5CD0B-BCFB-4BE1-BF2C-20C5667D4648}.Debug|Any CPU.Build.0 = Debug|Any CPU
		{8EC5CD0B-BCFB-4BE1-BF2C-20C5667D4648}.Release|Any CPU.ActiveCfg = Release|Any CPU
		{8EC5CD0B-BCFB-4BE1-BF2C-20C5667D4648}.Release|Any CPU.Build.0 = Release|Any CPU
		{70542A70-A686-45EE-8AC8-0F30564BF1B5}.Debug|Any CPU.ActiveCfg = Debug|Any CPU
		{70542A70-A686-45EE-8AC8-0F30564BF1B5}.Debug|Any CPU.Build.0 = Debug|Any CPU
		{70542A70-A686-45EE-8AC8-0F30564BF1B5}.Release|Any CPU.ActiveCfg = Release|Any CPU
		{70542A70-A686-45EE-8AC8-0F30564BF1B5}.Release|Any CPU.Build.0 = Release|Any CPU
		{13DF7E2E-AE66-423A-8DF6-72311D8476F5}.Debug|Any CPU.ActiveCfg = Debug|Any CPU
		{13DF7E2E-AE66-423A-8DF6-72311D8476F5}.Debug|Any CPU.Build.0 = Debug|Any CPU
		{13DF7E2E-AE66-423A-8DF6-72311D8476F5}.Release|Any CPU.ActiveCfg = Release|Any CPU
		{13DF7E2E-AE66-423A-8DF6-72311D8476F5}.Release|Any CPU.Build.0 = Release|Any CPU
		{0BFD9E56-F8BB-4CC7-895A-D5DCE46BA17D}.Debug|Any CPU.ActiveCfg = Debug|Any CPU
		{0BFD9E56-F8BB-4CC7-895A-D5DCE46BA17D}.Debug|Any CPU.Build.0 = Debug|Any CPU
		{0BFD9E56-F8BB-4CC7-895A-D5DCE46BA17D}.Release|Any CPU.ActiveCfg = Release|Any CPU
		{0BFD9E56-F8BB-4CC7-895A-D5DCE46BA17D}.Release|Any CPU.Build.0 = Release|Any CPU
		{5B42CEFE-E539-49F8-9693-EEA291BFF7FD}.Debug|Any CPU.ActiveCfg = Debug|Any CPU
		{5B42CEFE-E539-49F8-9693-EEA291BFF7FD}.Debug|Any CPU.Build.0 = Debug|Any CPU
		{5B42CEFE-E539-49F8-9693-EEA291BFF7FD}.Release|Any CPU.ActiveCfg = Release|Any CPU
		{5B42CEFE-E539-49F8-9693-EEA291BFF7FD}.Release|Any CPU.Build.0 = Release|Any CPU
	EndGlobalSection
	GlobalSection(SolutionProperties) = preSolution
		HideSolutionNode = FALSE
	EndGlobalSection
EndGlobal
