
Microsoft Visual Studio Solution File, Format Version 12.00
# Visual Studio 14
VisualStudioVersion = 14.0.25420.1
MinimumVisualStudioVersion = 10.0.40219.1
Project("{FAE04EC0-301F-11D3-BF4B-00C04F79EFBC}") = "01、GradeTest", "01GradeTest\01、GradeTest.csproj", "{B4D43A75-C20B-4AC3-9F11-49D56074C2AE}"
EndProject
Project("{FAE04EC0-301F-11D3-BF4B-00C04F79EFBC}") = "02、99Table", "99Table\02、99Table.csproj", "{E16ED85D-CE26-4C7A-9595-1F308A08590D}"
EndProject
Project("{FAE04EC0-301F-11D3-BF4B-00C04F79EFBC}") = "03、ArrayTest", "03ArrayTest\03、ArrayTest.csproj", "{DEDDED52-89BF-41A0-8472-732388A04D65}"
EndProject
Project("{FAE04EC0-301F-11D3-BF4B-00C04F79EFBC}") = "04、StringTest", "04、StringTest\04、StringTest.csproj", "{1F88DEB3-696F-4E84-B167-1287719242A2}"
EndProject
Project("{FAE04EC0-301F-11D3-BF4B-00C04F79EFBC}") = "06、ExchangeTest", "06、ExchangeTest\06、ExchangeTest.csproj", "{AD4C356A-4B35-40EB-801D-D4BCF0DD1E75}"
EndProject
Project("{FAE04EC0-301F-11D3-BF4B-00C04F79EFBC}") = "08、StringLenth", "08、StringLenth\08、StringLenth.csproj", "{421706A8-A3E9-46AE-98CF-4B5C61E2E859}"
EndProject
Project("{FAE04EC0-301F-11D3-BF4B-00C04F79EFBC}") = "09、FunctionTest", "09、FunctionTest\09、FunctionTest.csproj", "{C729495D-A47A-413C-B50F-501A9017E0B9}"
EndProject
Project("{FAE04EC0-301F-11D3-BF4B-00C04F79EFBC}") = "10、GetSum", "10、GetSum\10、GetSum.csproj", "{9E564818-77EA-43D1-90FC-99982CAADBDE}"
EndProject
Project("{FAE04EC0-301F-11D3-BF4B-00C04F79EFBC}") = "11、JudgePrime", "11、JudgePrime\11、JudgePrime.csproj", "{56D4EF03-FFD5-4C4D-A59E-122CAFD9EF26}"
EndProject
Project("{FAE04EC0-301F-11D3-BF4B-00C04F79EFBC}") = "12、练习15-18", "12、练习15-18\12、练习15-18.csproj", "{323B3FF0-4A6E-4ECA-82A9-CFA038C11474}"
EndProject
Project("{FAE04EC0-301F-11D3-BF4B-00C04F79EFBC}") = "使用GDI绘制简单的图形", "使用GDI绘制简单图形\使用GDI绘制简单的图形.csproj", "{0E55ABE9-06F6-4BAA-BAF9-E45F9B9EDE22}"
EndProject
Project("{FAE04EC0-301F-11D3-BF4B-00C04F79EFBC}") = "使用GDI绘制验证码", "使用GDI绘制验证码\使用GDI绘制验证码.csproj", "{1E60C08F-E004-489B-9416-830E2B16C913}"
EndProject
Project("{FAE04EC0-301F-11D3-BF4B-00C04F79EFBC}") = "RandomTest", "RandomTest\RandomTest.csproj", "{665C8AB9-92CC-4DC6-8BEF-D5696470DBA7}"
EndProject
Project("{FAE04EC0-301F-11D3-BF4B-00C04F79EFBC}") = "13、BubbleSort", "13、BubbleSort\13、BubbleSort.csproj", "{5990361B-5ED9-4AE3-B5F1-30D79832A253}"
EndProject
Project("{FAE04EC0-301F-11D3-BF4B-00C04F79EFBC}") = "18、GetArrayAvg", "18、GetArrayAvg\18、GetArrayAvg.csproj", "{C6A7C19D-AD85-4E07-818C-FDF1F908F384}"
EndProject
Project("{FAE04EC0-301F-11D3-BF4B-00C04F79EFBC}") = "19、统计字符串", "19、统计字符串\19、统计字符串.csproj", "{BCEB6872-0C05-4F5F-8314-CCB51713A7A9}"
EndProject
Project("{FAE04EC0-301F-11D3-BF4B-00C04F79EFBC}") = "21、SaveStuMes", "21、SaveStuMes\21、SaveStuMes.csproj", "{DFC5DD70-6D65-4F87-86A3-A2C07077D891}"
EndProject
Project("{FAE04EC0-301F-11D3-BF4B-00C04F79EFBC}") = "22、翻转字符串", "22、翻转字符串\22、翻转字符串.csproj", "{5F1D6EEC-0305-4B16-9F8F-2D8C48F29AF9}"
EndProject
Project("{FAE04EC0-301F-11D3-BF4B-00C04F79EFBC}") = "23、PersonDemo", "23、PersonDemo\23、PersonDemo.csproj", "{6EDD94D9-1C2C-4005-8F95-987051F09832}"
EndProject
Project("{FAE04EC0-301F-11D3-BF4B-00C04F79EFBC}") = "25、计算器", "25、计算器\25、计算器.csproj", "{67E3FB26-6F96-4B58-9DCA-2D9CAFADF705}"
EndProject
Global
	GlobalSection(SolutionConfigurationPlatforms) = preSolution
		Debug|Any CPU = Debug|Any CPU
		Debug|x64 = Debug|x64
		Debug|x86 = Debug|x86
		Release|Any CPU = Release|Any CPU
		Release|x64 = Release|x64
		Release|x86 = Release|x86
	EndGlobalSection
	GlobalSection(ProjectConfigurationPlatforms) = postSolution
		{B4D43A75-C20B-4AC3-9F11-49D56074C2AE}.Debug|Any CPU.ActiveCfg = Debug|Any CPU
		{B4D43A75-C20B-4AC3-9F11-49D56074C2AE}.Debug|Any CPU.Build.0 = Debug|Any CPU
		{B4D43A75-C20B-4AC3-9F11-49D56074C2AE}.Debug|x64.ActiveCfg = Debug|Any CPU
		{B4D43A75-C20B-4AC3-9F11-49D56074C2AE}.Debug|x64.Build.0 = Debug|Any CPU
		{B4D43A75-C20B-4AC3-9F11-49D56074C2AE}.Debug|x86.ActiveCfg = Debug|Any CPU
		{B4D43A75-C20B-4AC3-9F11-49D56074C2AE}.Debug|x86.Build.0 = Debug|Any CPU
		{B4D43A75-C20B-4AC3-9F11-49D56074C2AE}.Release|Any CPU.ActiveCfg = Release|Any CPU
		{B4D43A75-C20B-4AC3-9F11-49D56074C2AE}.Release|Any CPU.Build.0 = Release|Any CPU
		{B4D43A75-C20B-4AC3-9F11-49D56074C2AE}.Release|x64.ActiveCfg = Release|Any CPU
		{B4D43A75-C20B-4AC3-9F11-49D56074C2AE}.Release|x64.Build.0 = Release|Any CPU
		{B4D43A75-C20B-4AC3-9F11-49D56074C2AE}.Release|x86.ActiveCfg = Release|Any CPU
		{B4D43A75-C20B-4AC3-9F11-49D56074C2AE}.Release|x86.Build.0 = Release|Any CPU
		{E16ED85D-CE26-4C7A-9595-1F308A08590D}.Debug|Any CPU.ActiveCfg = Debug|Any CPU
		{E16ED85D-CE26-4C7A-9595-1F308A08590D}.Debug|Any CPU.Build.0 = Debug|Any CPU
		{E16ED85D-CE26-4C7A-9595-1F308A08590D}.Debug|x64.ActiveCfg = Debug|Any CPU
		{E16ED85D-CE26-4C7A-9595-1F308A08590D}.Debug|x64.Build.0 = Debug|Any CPU
		{E16ED85D-CE26-4C7A-9595-1F308A08590D}.Debug|x86.ActiveCfg = Debug|Any CPU
		{E16ED85D-CE26-4C7A-9595-1F308A08590D}.Debug|x86.Build.0 = Debug|Any CPU
		{E16ED85D-CE26-4C7A-9595-1F308A08590D}.Release|Any CPU.ActiveCfg = Release|Any CPU
		{E16ED85D-CE26-4C7A-9595-1F308A08590D}.Release|Any CPU.Build.0 = Release|Any CPU
		{E16ED85D-CE26-4C7A-9595-1F308A08590D}.Release|x64.ActiveCfg = Release|Any CPU
		{E16ED85D-CE26-4C7A-9595-1F308A08590D}.Release|x64.Build.0 = Release|Any CPU
		{E16ED85D-CE26-4C7A-9595-1F308A08590D}.Release|x86.ActiveCfg = Release|Any CPU
		{E16ED85D-CE26-4C7A-9595-1F308A08590D}.Release|x86.Build.0 = Release|Any CPU
		{DEDDED52-89BF-41A0-8472-732388A04D65}.Debug|Any CPU.ActiveCfg = Debug|Any CPU
		{DEDDED52-89BF-41A0-8472-732388A04D65}.Debug|Any CPU.Build.0 = Debug|Any CPU
		{DEDDED52-89BF-41A0-8472-732388A04D65}.Debug|x64.ActiveCfg = Debug|Any CPU
		{DEDDED52-89BF-41A0-8472-732388A04D65}.Debug|x64.Build.0 = Debug|Any CPU
		{DEDDED52-89BF-41A0-8472-732388A04D65}.Debug|x86.ActiveCfg = Debug|Any CPU
		{DEDDED52-89BF-41A0-8472-732388A04D65}.Debug|x86.Build.0 = Debug|Any CPU
		{DEDDED52-89BF-41A0-8472-732388A04D65}.Release|Any CPU.ActiveCfg = Release|Any CPU
		{DEDDED52-89BF-41A0-8472-732388A04D65}.Release|Any CPU.Build.0 = Release|Any CPU
		{DEDDED52-89BF-41A0-8472-732388A04D65}.Release|x64.ActiveCfg = Release|Any CPU
		{DEDDED52-89BF-41A0-8472-732388A04D65}.Release|x64.Build.0 = Release|Any CPU
		{DEDDED52-89BF-41A0-8472-732388A04D65}.Release|x86.ActiveCfg = Release|Any CPU
		{DEDDED52-89BF-41A0-8472-732388A04D65}.Release|x86.Build.0 = Release|Any CPU
		{1F88DEB3-696F-4E84-B167-1287719242A2}.Debug|Any CPU.ActiveCfg = Debug|Any CPU
		{1F88DEB3-696F-4E84-B167-1287719242A2}.Debug|Any CPU.Build.0 = Debug|Any CPU
		{1F88DEB3-696F-4E84-B167-1287719242A2}.Debug|x64.ActiveCfg = Debug|Any CPU
		{1F88DEB3-696F-4E84-B167-1287719242A2}.Debug|x64.Build.0 = Debug|Any CPU
		{1F88DEB3-696F-4E84-B167-1287719242A2}.Debug|x86.ActiveCfg = Debug|Any CPU
		{1F88DEB3-696F-4E84-B167-1287719242A2}.Debug|x86.Build.0 = Debug|Any CPU
		{1F88DEB3-696F-4E84-B167-1287719242A2}.Release|Any CPU.ActiveCfg = Release|Any CPU
		{1F88DEB3-696F-4E84-B167-1287719242A2}.Release|Any CPU.Build.0 = Release|Any CPU
		{1F88DEB3-696F-4E84-B167-1287719242A2}.Release|x64.ActiveCfg = Release|Any CPU
		{1F88DEB3-696F-4E84-B167-1287719242A2}.Release|x64.Build.0 = Release|Any CPU
		{1F88DEB3-696F-4E84-B167-1287719242A2}.Release|x86.ActiveCfg = Release|Any CPU
		{1F88DEB3-696F-4E84-B167-1287719242A2}.Release|x86.Build.0 = Release|Any CPU
		{AD4C356A-4B35-40EB-801D-D4BCF0DD1E75}.Debug|Any CPU.ActiveCfg = Debug|Any CPU
		{AD4C356A-4B35-40EB-801D-D4BCF0DD1E75}.Debug|Any CPU.Build.0 = Debug|Any CPU
		{AD4C356A-4B35-40EB-801D-D4BCF0DD1E75}.Debug|x64.ActiveCfg = Debug|Any CPU
		{AD4C356A-4B35-40EB-801D-D4BCF0DD1E75}.Debug|x64.Build.0 = Debug|Any CPU
		{AD4C356A-4B35-40EB-801D-D4BCF0DD1E75}.Debug|x86.ActiveCfg = Debug|Any CPU
		{AD4C356A-4B35-40EB-801D-D4BCF0DD1E75}.Debug|x86.Build.0 = Debug|Any CPU
		{AD4C356A-4B35-40EB-801D-D4BCF0DD1E75}.Release|Any CPU.ActiveCfg = Release|Any CPU
		{AD4C356A-4B35-40EB-801D-D4BCF0DD1E75}.Release|Any CPU.Build.0 = Release|Any CPU
		{AD4C356A-4B35-40EB-801D-D4BCF0DD1E75}.Release|x64.ActiveCfg = Release|Any CPU
		{AD4C356A-4B35-40EB-801D-D4BCF0DD1E75}.Release|x64.Build.0 = Release|Any CPU
		{AD4C356A-4B35-40EB-801D-D4BCF0DD1E75}.Release|x86.ActiveCfg = Release|Any CPU
		{AD4C356A-4B35-40EB-801D-D4BCF0DD1E75}.Release|x86.Build.0 = Release|Any CPU
		{421706A8-A3E9-46AE-98CF-4B5C61E2E859}.Debug|Any CPU.ActiveCfg = Debug|Any CPU
		{421706A8-A3E9-46AE-98CF-4B5C61E2E859}.Debug|Any CPU.Build.0 = Debug|Any CPU
		{421706A8-A3E9-46AE-98CF-4B5C61E2E859}.Debug|x64.ActiveCfg = Debug|Any CPU
		{421706A8-A3E9-46AE-98CF-4B5C61E2E859}.Debug|x64.Build.0 = Debug|Any CPU
		{421706A8-A3E9-46AE-98CF-4B5C61E2E859}.Debug|x86.ActiveCfg = Debug|Any CPU
		{421706A8-A3E9-46AE-98CF-4B5C61E2E859}.Debug|x86.Build.0 = Debug|Any CPU
		{421706A8-A3E9-46AE-98CF-4B5C61E2E859}.Release|Any CPU.ActiveCfg = Release|Any CPU
		{421706A8-A3E9-46AE-98CF-4B5C61E2E859}.Release|Any CPU.Build.0 = Release|Any CPU
		{421706A8-A3E9-46AE-98CF-4B5C61E2E859}.Release|x64.ActiveCfg = Release|Any CPU
		{421706A8-A3E9-46AE-98CF-4B5C61E2E859}.Release|x64.Build.0 = Release|Any CPU
		{421706A8-A3E9-46AE-98CF-4B5C61E2E859}.Release|x86.ActiveCfg = Release|Any CPU
		{421706A8-A3E9-46AE-98CF-4B5C61E2E859}.Release|x86.Build.0 = Release|Any CPU
		{C729495D-A47A-413C-B50F-501A9017E0B9}.Debug|Any CPU.ActiveCfg = Debug|Any CPU
		{C729495D-A47A-413C-B50F-501A9017E0B9}.Debug|Any CPU.Build.0 = Debug|Any CPU
		{C729495D-A47A-413C-B50F-501A9017E0B9}.Debug|x64.ActiveCfg = Debug|Any CPU
		{C729495D-A47A-413C-B50F-501A9017E0B9}.Debug|x64.Build.0 = Debug|Any CPU
		{C729495D-A47A-413C-B50F-501A9017E0B9}.Debug|x86.ActiveCfg = Debug|Any CPU
		{C729495D-A47A-413C-B50F-501A9017E0B9}.Debug|x86.Build.0 = Debug|Any CPU
		{C729495D-A47A-413C-B50F-501A9017E0B9}.Release|Any CPU.ActiveCfg = Release|Any CPU
		{C729495D-A47A-413C-B50F-501A9017E0B9}.Release|Any CPU.Build.0 = Release|Any CPU
		{C729495D-A47A-413C-B50F-501A9017E0B9}.Release|x64.ActiveCfg = Release|Any CPU
		{C729495D-A47A-413C-B50F-501A9017E0B9}.Release|x64.Build.0 = Release|Any CPU
		{C729495D-A47A-413C-B50F-501A9017E0B9}.Release|x86.ActiveCfg = Release|Any CPU
		{C729495D-A47A-413C-B50F-501A9017E0B9}.Release|x86.Build.0 = Release|Any CPU
		{9E564818-77EA-43D1-90FC-99982CAADBDE}.Debug|Any CPU.ActiveCfg = Debug|Any CPU
		{9E564818-77EA-43D1-90FC-99982CAADBDE}.Debug|Any CPU.Build.0 = Debug|Any CPU
		{9E564818-77EA-43D1-90FC-99982CAADBDE}.Debug|x64.ActiveCfg = Debug|Any CPU
		{9E564818-77EA-43D1-90FC-99982CAADBDE}.Debug|x64.Build.0 = Debug|Any CPU
		{9E564818-77EA-43D1-90FC-99982CAADBDE}.Debug|x86.ActiveCfg = Debug|Any CPU
		{9E564818-77EA-43D1-90FC-99982CAADBDE}.Debug|x86.Build.0 = Debug|Any CPU
		{9E564818-77EA-43D1-90FC-99982CAADBDE}.Release|Any CPU.ActiveCfg = Release|Any CPU
		{9E564818-77EA-43D1-90FC-99982CAADBDE}.Release|Any CPU.Build.0 = Release|Any CPU
		{9E564818-77EA-43D1-90FC-99982CAADBDE}.Release|x64.ActiveCfg = Release|Any CPU
		{9E564818-77EA-43D1-90FC-99982CAADBDE}.Release|x64.Build.0 = Release|Any CPU
		{9E564818-77EA-43D1-90FC-99982CAADBDE}.Release|x86.ActiveCfg = Release|Any CPU
		{9E564818-77EA-43D1-90FC-99982CAADBDE}.Release|x86.Build.0 = Release|Any CPU
		{56D4EF03-FFD5-4C4D-A59E-122CAFD9EF26}.Debug|Any CPU.ActiveCfg = Debug|Any CPU
		{56D4EF03-FFD5-4C4D-A59E-122CAFD9EF26}.Debug|Any CPU.Build.0 = Debug|Any CPU
		{56D4EF03-FFD5-4C4D-A59E-122CAFD9EF26}.Debug|x64.ActiveCfg = Debug|Any CPU
		{56D4EF03-FFD5-4C4D-A59E-122CAFD9EF26}.Debug|x64.Build.0 = Debug|Any CPU
		{56D4EF03-FFD5-4C4D-A59E-122CAFD9EF26}.Debug|x86.ActiveCfg = Debug|Any CPU
		{56D4EF03-FFD5-4C4D-A59E-122CAFD9EF26}.Debug|x86.Build.0 = Debug|Any CPU
		{56D4EF03-FFD5-4C4D-A59E-122CAFD9EF26}.Release|Any CPU.ActiveCfg = Release|Any CPU
		{56D4EF03-FFD5-4C4D-A59E-122CAFD9EF26}.Release|Any CPU.Build.0 = Release|Any CPU
		{56D4EF03-FFD5-4C4D-A59E-122CAFD9EF26}.Release|x64.ActiveCfg = Release|Any CPU
		{56D4EF03-FFD5-4C4D-A59E-122CAFD9EF26}.Release|x64.Build.0 = Release|Any CPU
		{56D4EF03-FFD5-4C4D-A59E-122CAFD9EF26}.Release|x86.ActiveCfg = Release|Any CPU
		{56D4EF03-FFD5-4C4D-A59E-122CAFD9EF26}.Release|x86.Build.0 = Release|Any CPU
		{323B3FF0-4A6E-4ECA-82A9-CFA038C11474}.Debug|Any CPU.ActiveCfg = Debug|Any CPU
		{323B3FF0-4A6E-4ECA-82A9-CFA038C11474}.Debug|Any CPU.Build.0 = Debug|Any CPU
		{323B3FF0-4A6E-4ECA-82A9-CFA038C11474}.Debug|x64.ActiveCfg = Debug|Any CPU
		{323B3FF0-4A6E-4ECA-82A9-CFA038C11474}.Debug|x64.Build.0 = Debug|Any CPU
		{323B3FF0-4A6E-4ECA-82A9-CFA038C11474}.Debug|x86.ActiveCfg = Debug|Any CPU
		{323B3FF0-4A6E-4ECA-82A9-CFA038C11474}.Debug|x86.Build.0 = Debug|Any CPU
		{323B3FF0-4A6E-4ECA-82A9-CFA038C11474}.Release|Any CPU.ActiveCfg = Release|Any CPU
		{323B3FF0-4A6E-4ECA-82A9-CFA038C11474}.Release|Any CPU.Build.0 = Release|Any CPU
		{323B3FF0-4A6E-4ECA-82A9-CFA038C11474}.Release|x64.ActiveCfg = Release|Any CPU
		{323B3FF0-4A6E-4ECA-82A9-CFA038C11474}.Release|x64.Build.0 = Release|Any CPU
		{323B3FF0-4A6E-4ECA-82A9-CFA038C11474}.Release|x86.ActiveCfg = Release|Any CPU
		{323B3FF0-4A6E-4ECA-82A9-CFA038C11474}.Release|x86.Build.0 = Release|Any CPU
		{0E55ABE9-06F6-4BAA-BAF9-E45F9B9EDE22}.Debug|Any CPU.ActiveCfg = Debug|Any CPU
		{0E55ABE9-06F6-4BAA-BAF9-E45F9B9EDE22}.Debug|Any CPU.Build.0 = Debug|Any CPU
		{0E55ABE9-06F6-4BAA-BAF9-E45F9B9EDE22}.Debug|x64.ActiveCfg = Debug|Any CPU
		{0E55ABE9-06F6-4BAA-BAF9-E45F9B9EDE22}.Debug|x64.Build.0 = Debug|Any CPU
		{0E55ABE9-06F6-4BAA-BAF9-E45F9B9EDE22}.Debug|x86.ActiveCfg = Debug|Any CPU
		{0E55ABE9-06F6-4BAA-BAF9-E45F9B9EDE22}.Debug|x86.Build.0 = Debug|Any CPU
		{0E55ABE9-06F6-4BAA-BAF9-E45F9B9EDE22}.Release|Any CPU.ActiveCfg = Release|Any CPU
		{0E55ABE9-06F6-4BAA-BAF9-E45F9B9EDE22}.Release|Any CPU.Build.0 = Release|Any CPU
		{0E55ABE9-06F6-4BAA-BAF9-E45F9B9EDE22}.Release|x64.ActiveCfg = Release|Any CPU
		{0E55ABE9-06F6-4BAA-BAF9-E45F9B9EDE22}.Release|x64.Build.0 = Release|Any CPU
		{0E55ABE9-06F6-4BAA-BAF9-E45F9B9EDE22}.Release|x86.ActiveCfg = Release|Any CPU
		{0E55ABE9-06F6-4BAA-BAF9-E45F9B9EDE22}.Release|x86.Build.0 = Release|Any CPU
		{1E60C08F-E004-489B-9416-830E2B16C913}.Debug|Any CPU.ActiveCfg = Debug|Any CPU
		{1E60C08F-E004-489B-9416-830E2B16C913}.Debug|Any CPU.Build.0 = Debug|Any CPU
		{1E60C08F-E004-489B-9416-830E2B16C913}.Debug|x64.ActiveCfg = Debug|Any CPU
		{1E60C08F-E004-489B-9416-830E2B16C913}.Debug|x64.Build.0 = Debug|Any CPU
		{1E60C08F-E004-489B-9416-830E2B16C913}.Debug|x86.ActiveCfg = Debug|Any CPU
		{1E60C08F-E004-489B-9416-830E2B16C913}.Debug|x86.Build.0 = Debug|Any CPU
		{1E60C08F-E004-489B-9416-830E2B16C913}.Release|Any CPU.ActiveCfg = Release|Any CPU
		{1E60C08F-E004-489B-9416-830E2B16C913}.Release|Any CPU.Build.0 = Release|Any CPU
		{1E60C08F-E004-489B-9416-830E2B16C913}.Release|x64.ActiveCfg = Release|Any CPU
		{1E60C08F-E004-489B-9416-830E2B16C913}.Release|x64.Build.0 = Release|Any CPU
		{1E60C08F-E004-489B-9416-830E2B16C913}.Release|x86.ActiveCfg = Release|Any CPU
		{1E60C08F-E004-489B-9416-830E2B16C913}.Release|x86.Build.0 = Release|Any CPU
		{665C8AB9-92CC-4DC6-8BEF-D5696470DBA7}.Debug|Any CPU.ActiveCfg = Debug|Any CPU
		{665C8AB9-92CC-4DC6-8BEF-D5696470DBA7}.Debug|Any CPU.Build.0 = Debug|Any CPU
		{665C8AB9-92CC-4DC6-8BEF-D5696470DBA7}.Debug|x64.ActiveCfg = Debug|Any CPU
		{665C8AB9-92CC-4DC6-8BEF-D5696470DBA7}.Debug|x64.Build.0 = Debug|Any CPU
		{665C8AB9-92CC-4DC6-8BEF-D5696470DBA7}.Debug|x86.ActiveCfg = Debug|Any CPU
		{665C8AB9-92CC-4DC6-8BEF-D5696470DBA7}.Debug|x86.Build.0 = Debug|Any CPU
		{665C8AB9-92CC-4DC6-8BEF-D5696470DBA7}.Release|Any CPU.ActiveCfg = Release|Any CPU
		{665C8AB9-92CC-4DC6-8BEF-D5696470DBA7}.Release|Any CPU.Build.0 = Release|Any CPU
		{665C8AB9-92CC-4DC6-8BEF-D5696470DBA7}.Release|x64.ActiveCfg = Release|Any CPU
		{665C8AB9-92CC-4DC6-8BEF-D5696470DBA7}.Release|x64.Build.0 = Release|Any CPU
		{665C8AB9-92CC-4DC6-8BEF-D5696470DBA7}.Release|x86.ActiveCfg = Release|Any CPU
		{665C8AB9-92CC-4DC6-8BEF-D5696470DBA7}.Release|x86.Build.0 = Release|Any CPU
		{5990361B-5ED9-4AE3-B5F1-30D79832A253}.Debug|Any CPU.ActiveCfg = Debug|Any CPU
		{5990361B-5ED9-4AE3-B5F1-30D79832A253}.Debug|Any CPU.Build.0 = Debug|Any CPU
		{5990361B-5ED9-4AE3-B5F1-30D79832A253}.Debug|x64.ActiveCfg = Debug|Any CPU
		{5990361B-5ED9-4AE3-B5F1-30D79832A253}.Debug|x64.Build.0 = Debug|Any CPU
		{5990361B-5ED9-4AE3-B5F1-30D79832A253}.Debug|x86.ActiveCfg = Debug|Any CPU
		{5990361B-5ED9-4AE3-B5F1-30D79832A253}.Debug|x86.Build.0 = Debug|Any CPU
		{5990361B-5ED9-4AE3-B5F1-30D79832A253}.Release|Any CPU.ActiveCfg = Release|Any CPU
		{5990361B-5ED9-4AE3-B5F1-30D79832A253}.Release|Any CPU.Build.0 = Release|Any CPU
		{5990361B-5ED9-4AE3-B5F1-30D79832A253}.Release|x64.ActiveCfg = Release|Any CPU
		{5990361B-5ED9-4AE3-B5F1-30D79832A253}.Release|x64.Build.0 = Release|Any CPU
		{5990361B-5ED9-4AE3-B5F1-30D79832A253}.Release|x86.ActiveCfg = Release|Any CPU
		{5990361B-5ED9-4AE3-B5F1-30D79832A253}.Release|x86.Build.0 = Release|Any CPU
		{C6A7C19D-AD85-4E07-818C-FDF1F908F384}.Debug|Any CPU.ActiveCfg = Debug|Any CPU
		{C6A7C19D-AD85-4E07-818C-FDF1F908F384}.Debug|Any CPU.Build.0 = Debug|Any CPU
		{C6A7C19D-AD85-4E07-818C-FDF1F908F384}.Debug|x64.ActiveCfg = Debug|Any CPU
		{C6A7C19D-AD85-4E07-818C-FDF1F908F384}.Debug|x64.Build.0 = Debug|Any CPU
		{C6A7C19D-AD85-4E07-818C-FDF1F908F384}.Debug|x86.ActiveCfg = Debug|Any CPU
		{C6A7C19D-AD85-4E07-818C-FDF1F908F384}.Debug|x86.Build.0 = Debug|Any CPU
		{C6A7C19D-AD85-4E07-818C-FDF1F908F384}.Release|Any CPU.ActiveCfg = Release|Any CPU
		{C6A7C19D-AD85-4E07-818C-FDF1F908F384}.Release|Any CPU.Build.0 = Release|Any CPU
		{C6A7C19D-AD85-4E07-818C-FDF1F908F384}.Release|x64.ActiveCfg = Release|Any CPU
		{C6A7C19D-AD85-4E07-818C-FDF1F908F384}.Release|x64.Build.0 = Release|Any CPU
		{C6A7C19D-AD85-4E07-818C-FDF1F908F384}.Release|x86.ActiveCfg = Release|Any CPU
		{C6A7C19D-AD85-4E07-818C-FDF1F908F384}.Release|x86.Build.0 = Release|Any CPU
		{BCEB6872-0C05-4F5F-8314-CCB51713A7A9}.Debug|Any CPU.ActiveCfg = Debug|Any CPU
		{BCEB6872-0C05-4F5F-8314-CCB51713A7A9}.Debug|Any CPU.Build.0 = Debug|Any CPU
		{BCEB6872-0C05-4F5F-8314-CCB51713A7A9}.Debug|x64.ActiveCfg = Debug|Any CPU
		{BCEB6872-0C05-4F5F-8314-CCB51713A7A9}.Debug|x64.Build.0 = Debug|Any CPU
		{BCEB6872-0C05-4F5F-8314-CCB51713A7A9}.Debug|x86.ActiveCfg = Debug|Any CPU
		{BCEB6872-0C05-4F5F-8314-CCB51713A7A9}.Debug|x86.Build.0 = Debug|Any CPU
		{BCEB6872-0C05-4F5F-8314-CCB51713A7A9}.Release|Any CPU.ActiveCfg = Release|Any CPU
		{BCEB6872-0C05-4F5F-8314-CCB51713A7A9}.Release|Any CPU.Build.0 = Release|Any CPU
		{BCEB6872-0C05-4F5F-8314-CCB51713A7A9}.Release|x64.ActiveCfg = Release|Any CPU
		{BCEB6872-0C05-4F5F-8314-CCB51713A7A9}.Release|x64.Build.0 = Release|Any CPU
		{BCEB6872-0C05-4F5F-8314-CCB51713A7A9}.Release|x86.ActiveCfg = Release|Any CPU
		{BCEB6872-0C05-4F5F-8314-CCB51713A7A9}.Release|x86.Build.0 = Release|Any CPU
		{DFC5DD70-6D65-4F87-86A3-A2C07077D891}.Debug|Any CPU.ActiveCfg = Debug|Any CPU
		{DFC5DD70-6D65-4F87-86A3-A2C07077D891}.Debug|Any CPU.Build.0 = Debug|Any CPU
		{DFC5DD70-6D65-4F87-86A3-A2C07077D891}.Debug|x64.ActiveCfg = Debug|Any CPU
		{DFC5DD70-6D65-4F87-86A3-A2C07077D891}.Debug|x64.Build.0 = Debug|Any CPU
		{DFC5DD70-6D65-4F87-86A3-A2C07077D891}.Debug|x86.ActiveCfg = Debug|Any CPU
		{DFC5DD70-6D65-4F87-86A3-A2C07077D891}.Debug|x86.Build.0 = Debug|Any CPU
		{DFC5DD70-6D65-4F87-86A3-A2C07077D891}.Release|Any CPU.ActiveCfg = Release|Any CPU
		{DFC5DD70-6D65-4F87-86A3-A2C07077D891}.Release|Any CPU.Build.0 = Release|Any CPU
		{DFC5DD70-6D65-4F87-86A3-A2C07077D891}.Release|x64.ActiveCfg = Release|Any CPU
		{DFC5DD70-6D65-4F87-86A3-A2C07077D891}.Release|x64.Build.0 = Release|Any CPU
		{DFC5DD70-6D65-4F87-86A3-A2C07077D891}.Release|x86.ActiveCfg = Release|Any CPU
		{DFC5DD70-6D65-4F87-86A3-A2C07077D891}.Release|x86.Build.0 = Release|Any CPU
		{5F1D6EEC-0305-4B16-9F8F-2D8C48F29AF9}.Debug|Any CPU.ActiveCfg = Debug|Any CPU
		{5F1D6EEC-0305-4B16-9F8F-2D8C48F29AF9}.Debug|Any CPU.Build.0 = Debug|Any CPU
		{5F1D6EEC-0305-4B16-9F8F-2D8C48F29AF9}.Debug|x64.ActiveCfg = Debug|Any CPU
		{5F1D6EEC-0305-4B16-9F8F-2D8C48F29AF9}.Debug|x64.Build.0 = Debug|Any CPU
		{5F1D6EEC-0305-4B16-9F8F-2D8C48F29AF9}.Debug|x86.ActiveCfg = Debug|Any CPU
		{5F1D6EEC-0305-4B16-9F8F-2D8C48F29AF9}.Debug|x86.Build.0 = Debug|Any CPU
		{5F1D6EEC-0305-4B16-9F8F-2D8C48F29AF9}.Release|Any CPU.ActiveCfg = Release|Any CPU
		{5F1D6EEC-0305-4B16-9F8F-2D8C48F29AF9}.Release|Any CPU.Build.0 = Release|Any CPU
		{5F1D6EEC-0305-4B16-9F8F-2D8C48F29AF9}.Release|x64.ActiveCfg = Release|Any CPU
		{5F1D6EEC-0305-4B16-9F8F-2D8C48F29AF9}.Release|x64.Build.0 = Release|Any CPU
		{5F1D6EEC-0305-4B16-9F8F-2D8C48F29AF9}.Release|x86.ActiveCfg = Release|Any CPU
		{5F1D6EEC-0305-4B16-9F8F-2D8C48F29AF9}.Release|x86.Build.0 = Release|Any CPU
		{6EDD94D9-1C2C-4005-8F95-987051F09832}.Debug|Any CPU.ActiveCfg = Debug|Any CPU
		{6EDD94D9-1C2C-4005-8F95-987051F09832}.Debug|Any CPU.Build.0 = Debug|Any CPU
		{6EDD94D9-1C2C-4005-8F95-987051F09832}.Debug|x64.ActiveCfg = Debug|Any CPU
		{6EDD94D9-1C2C-4005-8F95-987051F09832}.Debug|x64.Build.0 = Debug|Any CPU
		{6EDD94D9-1C2C-4005-8F95-987051F09832}.Debug|x86.ActiveCfg = Debug|Any CPU
		{6EDD94D9-1C2C-4005-8F95-987051F09832}.Debug|x86.Build.0 = Debug|Any CPU
		{6EDD94D9-1C2C-4005-8F95-987051F09832}.Release|Any CPU.ActiveCfg = Release|Any CPU
		{6EDD94D9-1C2C-4005-8F95-987051F09832}.Release|Any CPU.Build.0 = Release|Any CPU
		{6EDD94D9-1C2C-4005-8F95-987051F09832}.Release|x64.ActiveCfg = Release|Any CPU
		{6EDD94D9-1C2C-4005-8F95-987051F09832}.Release|x64.Build.0 = Release|Any CPU
		{6EDD94D9-1C2C-4005-8F95-987051F09832}.Release|x86.ActiveCfg = Release|Any CPU
		{6EDD94D9-1C2C-4005-8F95-987051F09832}.Release|x86.Build.0 = Release|Any CPU
		{67E3FB26-6F96-4B58-9DCA-2D9CAFADF705}.Debug|Any CPU.ActiveCfg = Debug|Any CPU
		{67E3FB26-6F96-4B58-9DCA-2D9CAFADF705}.Debug|Any CPU.Build.0 = Debug|Any CPU
		{67E3FB26-6F96-4B58-9DCA-2D9CAFADF705}.Debug|x64.ActiveCfg = Debug|Any CPU
		{67E3FB26-6F96-4B58-9DCA-2D9CAFADF705}.Debug|x64.Build.0 = Debug|Any CPU
		{67E3FB26-6F96-4B58-9DCA-2D9CAFADF705}.Debug|x86.ActiveCfg = Debug|Any CPU
		{67E3FB26-6F96-4B58-9DCA-2D9CAFADF705}.Debug|x86.Build.0 = Debug|Any CPU
		{67E3FB26-6F96-4B58-9DCA-2D9CAFADF705}.Release|Any CPU.ActiveCfg = Release|Any CPU
		{67E3FB26-6F96-4B58-9DCA-2D9CAFADF705}.Release|Any CPU.Build.0 = Release|Any CPU
		{67E3FB26-6F96-4B58-9DCA-2D9CAFADF705}.Release|x64.ActiveCfg = Release|Any CPU
		{67E3FB26-6F96-4B58-9DCA-2D9CAFADF705}.Release|x64.Build.0 = Release|Any CPU
		{67E3FB26-6F96-4B58-9DCA-2D9CAFADF705}.Release|x86.ActiveCfg = Release|Any CPU
		{67E3FB26-6F96-4B58-9DCA-2D9CAFADF705}.Release|x86.Build.0 = Release|Any CPU
	EndGlobalSection
	GlobalSection(SolutionProperties) = preSolution
		HideSolutionNode = FALSE
	EndGlobalSection
EndGlobal
