
Microsoft Visual Studio Solution File, Format Version 12.00
# Visual Studio 14
VisualStudioVersion = 14.0.25420.1
MinimumVisualStudioVersion = 10.0.40219.1
Project("{FAE04EC0-301F-11D3-BF4B-00C04F79EFBC}") = "Test1_2", "Test1_2\Test1_2.csproj", "{B9FF1A32-98E4-4CBD-ABD2-96EE96BFC074}"
EndProject
Project("{FAE04EC0-301F-11D3-BF4B-00C04F79EFBC}") = "Test1_3", "..\Test1_3\Test1_3\Test1_3.csproj", "{A8FA0AE5-51BB-41F3-8DB0-479ED3C32CAE}"
EndProject
Project("{FAE04EC0-301F-11D3-BF4B-00C04F79EFBC}") = "Test2_2", "..\Test2_2\Test2_2.csproj", "{5CBA0EB1-8F38-440E-AC78-595B92794343}"
EndProject
Global
	GlobalSection(SolutionConfigurationPlatforms) = preSolution
		Debug|Any CPU = Debug|Any CPU
		Release|Any CPU = Release|Any CPU
	EndGlobalSection
	GlobalSection(ProjectConfigurationPlatforms) = postSolution
		{B9FF1A32-98E4-4CBD-ABD2-96EE96BFC074}.Debug|Any CPU.ActiveCfg = Debug|Any CPU
		{B9FF1A32-98E4-4CBD-ABD2-96EE96BFC074}.Debug|Any CPU.Build.0 = Debug|Any CPU
		{B9FF1A32-98E4-4CBD-ABD2-96EE96BFC074}.Release|Any CPU.ActiveCfg = Release|Any CPU
		{B9FF1A32-98E4-4CBD-ABD2-96EE96BFC074}.Release|Any CPU.Build.0 = Release|Any CPU
		{A8FA0AE5-51BB-41F3-8DB0-479ED3C32CAE}.Debug|Any CPU.ActiveCfg = Debug|Any CPU
		{A8FA0AE5-51BB-41F3-8DB0-479ED3C32CAE}.Debug|Any CPU.Build.0 = Debug|Any CPU
		{A8FA0AE5-51BB-41F3-8DB0-479ED3C32CAE}.Release|Any CPU.ActiveCfg = Release|Any CPU
		{A8FA0AE5-51BB-41F3-8DB0-479ED3C32CAE}.Release|Any CPU.Build.0 = Release|Any CPU
		{5CBA0EB1-8F38-440E-AC78-595B92794343}.Debug|Any CPU.ActiveCfg = Debug|Any CPU
		{5CBA0EB1-8F38-440E-AC78-595B92794343}.Debug|Any CPU.Build.0 = Debug|Any CPU
		{5CBA0EB1-8F38-440E-AC78-595B92794343}.Release|Any CPU.ActiveCfg = Release|Any CPU
		{5CBA0EB1-8F38-440E-AC78-595B92794343}.Release|Any CPU.Build.0 = Release|Any CPU
	EndGlobalSection
	GlobalSection(SolutionProperties) = preSolution
		HideSolutionNode = FALSE
	EndGlobalSection
EndGlobal
