
Microsoft Visual Studio Solution File, Format Version 12.00
# Visual Studio 14
VisualStudioVersion = 14.0.25420.1
MinimumVisualStudioVersion = 10.0.40219.1
Project("{FAE04EC0-301F-11D3-BF4B-00C04F79EFBC}") = "Calculator", "Calculator.csproj", "{DFF00114-ADE8-4A14-BB05-34A54274F490}"
EndProject
Project("{FAE04EC0-301F-11D3-BF4B-00C04F79EFBC}") = "0505.NET基础班第十六天", "..\0505.NET基础班第十六天\0505.NET基础班第十六天.csproj", "{D7EAD969-D2DF-4A41-98B7-12BD22ECF11F}"
EndProject
Project("{FAE04EC0-301F-11D3-BF4B-00C04F79EFBC}") = "类型转换", "..\..\2016-09-22\类型转换\类型转换.csproj", "{63FFB83B-826F-4009-A9D5-34CD0EFF0C2E}"
EndProject
Project("{FAE04EC0-301F-11D3-BF4B-00C04F79EFBC}") = "加法计算器", "..\加法计算器\加法计算器\加法计算器.csproj", "{6FED54AA-C316-47A6-81B3-F64A7AAF060E}"
EndProject
Global
	GlobalSection(SolutionConfigurationPlatforms) = preSolution
		Debug|Any CPU = Debug|Any CPU
		Release|Any CPU = Release|Any CPU
	EndGlobalSection
	GlobalSection(ProjectConfigurationPlatforms) = postSolution
		{DFF00114-ADE8-4A14-BB05-34A54274F490}.Debug|Any CPU.ActiveCfg = Debug|Any CPU
		{DFF00114-ADE8-4A14-BB05-34A54274F490}.Debug|Any CPU.Build.0 = Debug|Any CPU
		{DFF00114-ADE8-4A14-BB05-34A54274F490}.Release|Any CPU.ActiveCfg = Release|Any CPU
		{DFF00114-ADE8-4A14-BB05-34A54274F490}.Release|Any CPU.Build.0 = Release|Any CPU
		{D7EAD969-D2DF-4A41-98B7-12BD22ECF11F}.Debug|Any CPU.ActiveCfg = Debug|Any CPU
		{D7EAD969-D2DF-4A41-98B7-12BD22ECF11F}.Debug|Any CPU.Build.0 = Debug|Any CPU
		{D7EAD969-D2DF-4A41-98B7-12BD22ECF11F}.Release|Any CPU.ActiveCfg = Release|Any CPU
		{D7EAD969-D2DF-4A41-98B7-12BD22ECF11F}.Release|Any CPU.Build.0 = Release|Any CPU
		{63FFB83B-826F-4009-A9D5-34CD0EFF0C2E}.Debug|Any CPU.ActiveCfg = Debug|Any CPU
		{63FFB83B-826F-4009-A9D5-34CD0EFF0C2E}.Debug|Any CPU.Build.0 = Debug|Any CPU
		{63FFB83B-826F-4009-A9D5-34CD0EFF0C2E}.Release|Any CPU.ActiveCfg = Release|Any CPU
		{63FFB83B-826F-4009-A9D5-34CD0EFF0C2E}.Release|Any CPU.Build.0 = Release|Any CPU
		{6FED54AA-C316-47A6-81B3-F64A7AAF060E}.Debug|Any CPU.ActiveCfg = Debug|Any CPU
		{6FED54AA-C316-47A6-81B3-F64A7AAF060E}.Debug|Any CPU.Build.0 = Debug|Any CPU
		{6FED54AA-C316-47A6-81B3-F64A7AAF060E}.Release|Any CPU.ActiveCfg = Release|Any CPU
		{6FED54AA-C316-47A6-81B3-F64A7AAF060E}.Release|Any CPU.Build.0 = Release|Any CPU
	EndGlobalSection
	GlobalSection(SolutionProperties) = preSolution
		HideSolutionNode = FALSE
	EndGlobalSection
EndGlobal
